
Microsoft Visual Studio Solution File, Format Version 12.00
# Visual Studio 15
VisualStudioVersion = 15.0.26730.16
MinimumVisualStudioVersion = 10.0.40219.1
Project("{FAE04EC0-301F-11D3-BF4B-00C04F79EFBC}") = "SlasherServer", "SlasherServer\SlasherServer.csproj", "{B84D5928-B530-43EC-8E47-3CEF0F094F1F}"
EndProject
Project("{FAE04EC0-301F-11D3-BF4B-00C04F79EFBC}") = "SlasherClient", "SlasherClient\SlasherClient.csproj", "{FBD4ED9F-B09B-44C4-8FC9-20076B4A5D2E}"
EndProject
Project("{FAE04EC0-301F-11D3-BF4B-00C04F79EFBC}") = "LogServer", "LogServer\LogServer.csproj", "{0AE30ED4-C062-4994-A484-D98DD0972464}"
EndProject
Project("{FAE04EC0-301F-11D3-BF4B-00C04F79EFBC}") = "UserServer", "UserServer\UserServer.csproj", "{B94E9F03-FD39-42C4-99A6-A6C6845F896D}"
EndProject
Global
	GlobalSection(SolutionConfigurationPlatforms) = preSolution
		Debug|Any CPU = Debug|Any CPU
		Release|Any CPU = Release|Any CPU
	EndGlobalSection
	GlobalSection(ProjectConfigurationPlatforms) = postSolution
		{B84D5928-B530-43EC-8E47-3CEF0F094F1F}.Debug|Any CPU.ActiveCfg = Debug|Any CPU
		{B84D5928-B530-43EC-8E47-3CEF0F094F1F}.Debug|Any CPU.Build.0 = Debug|Any CPU
		{B84D5928-B530-43EC-8E47-3CEF0F094F1F}.Release|Any CPU.ActiveCfg = Release|Any CPU
		{B84D5928-B530-43EC-8E47-3CEF0F094F1F}.Release|Any CPU.Build.0 = Release|Any CPU
		{FBD4ED9F-B09B-44C4-8FC9-20076B4A5D2E}.Debug|Any CPU.ActiveCfg = Debug|Any CPU
		{FBD4ED9F-B09B-44C4-8FC9-20076B4A5D2E}.Debug|Any CPU.Build.0 = Debug|Any CPU
		{FBD4ED9F-B09B-44C4-8FC9-20076B4A5D2E}.Release|Any CPU.ActiveCfg = Release|Any CPU
		{FBD4ED9F-B09B-44C4-8FC9-20076B4A5D2E}.Release|Any CPU.Build.0 = Release|Any CPU
		{0AE30ED4-C062-4994-A484-D98DD0972464}.Debug|Any CPU.ActiveCfg = Debug|Any CPU
		{0AE30ED4-C062-4994-A484-D98DD0972464}.Debug|Any CPU.Build.0 = Debug|Any CPU
		{0AE30ED4-C062-4994-A484-D98DD0972464}.Release|Any CPU.ActiveCfg = Release|Any CPU
		{0AE30ED4-C062-4994-A484-D98DD0972464}.Release|Any CPU.Build.0 = Release|Any CPU
		{B94E9F03-FD39-42C4-99A6-A6C6845F896D}.Debug|Any CPU.ActiveCfg = Debug|Any CPU
		{B94E9F03-FD39-42C4-99A6-A6C6845F896D}.Debug|Any CPU.Build.0 = Debug|Any CPU
		{B94E9F03-FD39-42C4-99A6-A6C6845F896D}.Release|Any CPU.ActiveCfg = Release|Any CPU
		{B94E9F03-FD39-42C4-99A6-A6C6845F896D}.Release|Any CPU.Build.0 = Release|Any CPU
	EndGlobalSection
	GlobalSection(SolutionProperties) = preSolution
		HideSolutionNode = FALSE
	EndGlobalSection
	GlobalSection(ExtensibilityGlobals) = postSolution
		SolutionGuid = {ED7DC05C-55F1-4933-9BA9-96AA88861EEA}
	EndGlobalSection
EndGlobal
